// !$*UTF8*$!
{
	archiveVersion = 1;
	classes = {
	};
	objectVersion = 56;
	objects = {

/* Begin PBXBuildFile section */
		12479A2A292E17F400E2F8B3 /* RestaurantView.swift in Sources */ = {isa = PBXBuildFile; fileRef = 12479A29292E17F400E2F8B3 /* RestaurantView.swift */; };
		12479A2C292E357000E2F8B3 /* FiveStarView.swift in Sources */ = {isa = PBXBuildFile; fileRef = 12479A2B292E357000E2F8B3 /* FiveStarView.swift */; };
		12479A2E292E898700E2F8B3 /* FoodSecurityButton.swift in Sources */ = {isa = PBXBuildFile; fileRef = 12479A2D292E898700E2F8B3 /* FoodSecurityButton.swift */; };
		12479A31292E8EF000E2F8B3 /* PickerView.swift in Sources */ = {isa = PBXBuildFile; fileRef = 12479A30292E8EF000E2F8B3 /* PickerView.swift */; };
		126B9E8B292D3B6C00798AC5 /* MapView.swift in Sources */ = {isa = PBXBuildFile; fileRef = 126B9E8A292D3B6C00798AC5 /* MapView.swift */; };
		126B9E8D292D3BBD00798AC5 /* SearchView.swift in Sources */ = {isa = PBXBuildFile; fileRef = 126B9E8C292D3BBD00798AC5 /* SearchView.swift */; };
		126B9E8F292D3BCB00798AC5 /* ProfileView.swift in Sources */ = {isa = PBXBuildFile; fileRef = 126B9E8E292D3BCB00798AC5 /* ProfileView.swift */; };
		12765607292676F900CF5A66 /* ShopsButton.swift in Sources */ = {isa = PBXBuildFile; fileRef = 12765606292676F900CF5A66 /* ShopsButton.swift */; };
		1276560B292B883A00CF5A66 /* CategButton.swift in Sources */ = {isa = PBXBuildFile; fileRef = 1276560A292B883A00CF5A66 /* CategButton.swift */; };
		127ED17C2925042200511E9B /* GlutoRApp.swift in Sources */ = {isa = PBXBuildFile; fileRef = 127ED17B2925042200511E9B /* GlutoRApp.swift */; };
		127ED17E2925042200511E9B /* ContentView.swift in Sources */ = {isa = PBXBuildFile; fileRef = 127ED17D2925042200511E9B /* ContentView.swift */; };
		127ED1802925042300511E9B /* Assets.xcassets in Resources */ = {isa = PBXBuildFile; fileRef = 127ED17F2925042300511E9B /* Assets.xcassets */; };
		127ED1832925042300511E9B /* Preview Assets.xcassets in Resources */ = {isa = PBXBuildFile; fileRef = 127ED1822925042300511E9B /* Preview Assets.xcassets */; };
		127ED18A292650E700511E9B /* ExploreView.swift in Sources */ = {isa = PBXBuildFile; fileRef = 127ED189292650E700511E9B /* ExploreView.swift */; };
/* End PBXBuildFile section */

/* Begin PBXFileReference section */
		12479A29292E17F400E2F8B3 /* RestaurantView.swift */ = {isa = PBXFileReference; lastKnownFileType = sourcecode.swift; path = RestaurantView.swift; sourceTree = "<group>"; };
		12479A2B292E357000E2F8B3 /* FiveStarView.swift */ = {isa = PBXFileReference; lastKnownFileType = sourcecode.swift; path = FiveStarView.swift; sourceTree = "<group>"; };
		12479A2D292E898700E2F8B3 /* FoodSecurityButton.swift */ = {isa = PBXFileReference; lastKnownFileType = sourcecode.swift; path = FoodSecurityButton.swift; sourceTree = "<group>"; };
		12479A30292E8EF000E2F8B3 /* PickerView.swift */ = {isa = PBXFileReference; lastKnownFileType = sourcecode.swift; path = PickerView.swift; sourceTree = "<group>"; };
		126B9E8A292D3B6C00798AC5 /* MapView.swift */ = {isa = PBXFileReference; lastKnownFileType = sourcecode.swift; path = MapView.swift; sourceTree = "<group>"; };
		126B9E8C292D3BBD00798AC5 /* SearchView.swift */ = {isa = PBXFileReference; lastKnownFileType = sourcecode.swift; path = SearchView.swift; sourceTree = "<group>"; };
		126B9E8E292D3BCB00798AC5 /* ProfileView.swift */ = {isa = PBXFileReference; lastKnownFileType = sourcecode.swift; path = ProfileView.swift; sourceTree = "<group>"; };
		12765606292676F900CF5A66 /* ShopsButton.swift */ = {isa = PBXFileReference; lastKnownFileType = sourcecode.swift; path = ShopsButton.swift; sourceTree = "<group>"; };
		1276560A292B883A00CF5A66 /* CategButton.swift */ = {isa = PBXFileReference; lastKnownFileType = sourcecode.swift; path = CategButton.swift; sourceTree = "<group>"; };
		127ED1782925042200511E9B /* GlutoR.app */ = {isa = PBXFileReference; explicitFileType = wrapper.application; includeInIndex = 0; path = GlutoR.app; sourceTree = BUILT_PRODUCTS_DIR; };
		127ED17B2925042200511E9B /* GlutoRApp.swift */ = {isa = PBXFileReference; lastKnownFileType = sourcecode.swift; path = GlutoRApp.swift; sourceTree = "<group>"; };
		127ED17D2925042200511E9B /* ContentView.swift */ = {isa = PBXFileReference; lastKnownFileType = sourcecode.swift; path = ContentView.swift; sourceTree = "<group>"; };
		127ED17F2925042300511E9B /* Assets.xcassets */ = {isa = PBXFileReference; lastKnownFileType = folder.assetcatalog; path = Assets.xcassets; sourceTree = "<group>"; };
		127ED1822925042300511E9B /* Preview Assets.xcassets */ = {isa = PBXFileReference; lastKnownFileType = folder.assetcatalog; path = "Preview Assets.xcassets"; sourceTree = "<group>"; };
		127ED189292650E700511E9B /* ExploreView.swift */ = {isa = PBXFileReference; lastKnownFileType = sourcecode.swift; path = ExploreView.swift; sourceTree = "<group>"; };
/* End PBXFileReference section */

/* Begin PBXFrameworksBuildPhase section */
		127ED1752925042200511E9B /* Frameworks */ = {
			isa = PBXFrameworksBuildPhase;
			buildActionMask = 2147483647;
			files = (
			);
			runOnlyForDeploymentPostprocessing = 0;
		};
/* End PBXFrameworksBuildPhase section */

/* Begin PBXGroup section */
		12479A2F292E8EC500E2F8B3 /* Buttons */ = {
			isa = PBXGroup;
			children = (
				1276560A292B883A00CF5A66 /* CategButton.swift */,
				12765606292676F900CF5A66 /* ShopsButton.swift */,
				12479A2D292E898700E2F8B3 /* FoodSecurityButton.swift */,
				12479A30292E8EF000E2F8B3 /* PickerView.swift */,
			);
			path = Buttons;
			sourceTree = "<group>";
		};
		127ED16F2925042200511E9B = {
			isa = PBXGroup;
			children = (
				127ED17A2925042200511E9B /* GlutoR */,
				127ED1792925042200511E9B /* Products */,
			);
			sourceTree = "<group>";
		};
		127ED1792925042200511E9B /* Products */ = {
			isa = PBXGroup;
			children = (
				127ED1782925042200511E9B /* GlutoR.app */,
			);
			name = Products;
			sourceTree = "<group>";
		};
		127ED17A2925042200511E9B /* GlutoR */ = {
			isa = PBXGroup;
			children = (
				127ED17B2925042200511E9B /* GlutoRApp.swift */,
				127ED17D2925042200511E9B /* ContentView.swift */,
				127ED189292650E700511E9B /* ExploreView.swift */,
				126B9E8A292D3B6C00798AC5 /* MapView.swift */,
				126B9E8C292D3BBD00798AC5 /* SearchView.swift */,
				126B9E8E292D3BCB00798AC5 /* ProfileView.swift */,
				12479A29292E17F400E2F8B3 /* RestaurantView.swift */,
				12479A2B292E357000E2F8B3 /* FiveStarView.swift */,
				12479A2F292E8EC500E2F8B3 /* Buttons */,
				127ED17F2925042300511E9B /* Assets.xcassets */,
				127ED1812925042300511E9B /* Preview Content */,
			);
			path = GlutoR;
			sourceTree = "<group>";
		};
		127ED1812925042300511E9B /* Preview Content */ = {
			isa = PBXGroup;
			children = (
				127ED1822925042300511E9B /* Preview Assets.xcassets */,
			);
			path = "Preview Content";
			sourceTree = "<group>";
		};
/* End PBXGroup section */

/* Begin PBXNativeTarget section */
		127ED1772925042200511E9B /* GlutoR */ = {
			isa = PBXNativeTarget;
			buildConfigurationList = 127ED1862925042300511E9B /* Build configuration list for PBXNativeTarget "GlutoR" */;
			buildPhases = (
				127ED1742925042200511E9B /* Sources */,
				127ED1752925042200511E9B /* Frameworks */,
				127ED1762925042200511E9B /* Resources */,
			);
			buildRules = (
			);
			dependencies = (
			);
			name = GlutoR;
			productName = GlutoR;
			productReference = 127ED1782925042200511E9B /* GlutoR.app */;
			productType = "com.apple.product-type.application";
		};
/* End PBXNativeTarget section */

/* Begin PBXProject section */
		127ED1702925042200511E9B /* Project object */ = {
			isa = PBXProject;
			attributes = {
				BuildIndependentTargetsInParallel = 1;
				LastSwiftUpdateCheck = 1400;
				LastUpgradeCheck = 1400;
				TargetAttributes = {
					127ED1772925042200511E9B = {
						CreatedOnToolsVersion = 14.0.1;
					};
				};
			};
			buildConfigurationList = 127ED1732925042200511E9B /* Build configuration list for PBXProject "GlutoR" */;
			compatibilityVersion = "Xcode 14.0";
			developmentRegion = en;
			hasScannedForEncodings = 0;
			knownRegions = (
				en,
				Base,
			);
			mainGroup = 127ED16F2925042200511E9B;
			productRefGroup = 127ED1792925042200511E9B /* Products */;
			projectDirPath = "";
			projectRoot = "";
			targets = (
				127ED1772925042200511E9B /* GlutoR */,
			);
		};
/* End PBXProject section */

/* Begin PBXResourcesBuildPhase section */
		127ED1762925042200511E9B /* Resources */ = {
			isa = PBXResourcesBuildPhase;
			buildActionMask = 2147483647;
			files = (
				127ED1832925042300511E9B /* Preview Assets.xcassets in Resources */,
				127ED1802925042300511E9B /* Assets.xcassets in Resources */,
			);
			runOnlyForDeploymentPostprocessing = 0;
		};
/* End PBXResourcesBuildPhase section */

/* Begin PBXSourcesBuildPhase section */
		127ED1742925042200511E9B /* Sources */ = {
			isa = PBXSourcesBuildPhase;
			buildActionMask = 2147483647;
			files = (
				126B9E8F292D3BCB00798AC5 /* ProfileView.swift in Sources */,
				127ED17E2925042200511E9B /* ContentView.swift in Sources */,
				126B9E8B292D3B6C00798AC5 /* MapView.swift in Sources */,
				12765607292676F900CF5A66 /* ShopsButton.swift in Sources */,
				12479A2C292E357000E2F8B3 /* FiveStarView.swift in Sources */,
				12479A2E292E898700E2F8B3 /* FoodSecurityButton.swift in Sources */,
				126B9E8D292D3BBD00798AC5 /* SearchView.swift in Sources */,
				12479A2A292E17F400E2F8B3 /* RestaurantView.swift in Sources */,
				12479A31292E8EF000E2F8B3 /* PickerView.swift in Sources */,
				127ED18A292650E700511E9B /* ExploreView.swift in Sources */,
				1276560B292B883A00CF5A66 /* CategButton.swift in Sources */,
				127ED17C2925042200511E9B /* GlutoRApp.swift in Sources */,
			);
			runOnlyForDeploymentPostprocessing = 0;
		};
/* End PBXSourcesBuildPhase section */

/* Begin XCBuildConfiguration section */
		127ED1842925042300511E9B /* Debug */ = {
			isa = XCBuildConfiguration;
			buildSettings = {
				ALWAYS_SEARCH_USER_PATHS = NO;
				CLANG_ANALYZER_NONNULL = YES;
				CLANG_ANALYZER_NUMBER_OBJECT_CONVERSION = YES_AGGRESSIVE;
				CLANG_CXX_LANGUAGE_STANDARD = "gnu++20";
				CLANG_ENABLE_MODULES = YES;
				CLANG_ENABLE_OBJC_ARC = YES;
				CLANG_ENABLE_OBJC_WEAK = YES;
				CLANG_WARN_BLOCK_CAPTURE_AUTORELEASING = YES;
				CLANG_WARN_BOOL_CONVERSION = YES;
				CLANG_WARN_COMMA = YES;
				CLANG_WARN_CONSTANT_CONVERSION = YES;
				CLANG_WARN_DEPRECATED_OBJC_IMPLEMENTATIONS = YES;
				CLANG_WARN_DIRECT_OBJC_ISA_USAGE = YES_ERROR;
				CLANG_WARN_DOCUMENTATION_COMMENTS = YES;
				CLANG_WARN_EMPTY_BODY = YES;
				CLANG_WARN_ENUM_CONVERSION = YES;
				CLANG_WARN_INFINITE_RECURSION = YES;
				CLANG_WARN_INT_CONVERSION = YES;
				CLANG_WARN_NON_LITERAL_NULL_CONVERSION = YES;
				CLANG_WARN_OBJC_IMPLICIT_RETAIN_SELF = YES;
				CLANG_WARN_OBJC_LITERAL_CONVERSION = YES;
				CLANG_WARN_OBJC_ROOT_CLASS = YES_ERROR;
				CLANG_WARN_QUOTED_INCLUDE_IN_FRAMEWORK_HEADER = YES;
				CLANG_WARN_RANGE_LOOP_ANALYSIS = YES;
				CLANG_WARN_STRICT_PROTOTYPES = YES;
				CLANG_WARN_SUSPICIOUS_MOVE = YES;
				CLANG_WARN_UNGUARDED_AVAILABILITY = YES_AGGRESSIVE;
				CLANG_WARN_UNREACHABLE_CODE = YES;
				CLANG_WARN__DUPLICATE_METHOD_MATCH = YES;
				COPY_PHASE_STRIP = NO;
				DEBUG_INFORMATION_FORMAT = dwarf;
				ENABLE_STRICT_OBJC_MSGSEND = YES;
				ENABLE_TESTABILITY = YES;
				GCC_C_LANGUAGE_STANDARD = gnu11;
				GCC_DYNAMIC_NO_PIC = NO;
				GCC_NO_COMMON_BLOCKS = YES;
				GCC_OPTIMIZATION_LEVEL = 0;
				GCC_PREPROCESSOR_DEFINITIONS = (
					"DEBUG=1",
					"$(inherited)",
				);
				GCC_WARN_64_TO_32_BIT_CONVERSION = YES;
				GCC_WARN_ABOUT_RETURN_TYPE = YES_ERROR;
				GCC_WARN_UNDECLARED_SELECTOR = YES;
				GCC_WARN_UNINITIALIZED_AUTOS = YES_AGGRESSIVE;
				GCC_WARN_UNUSED_FUNCTION = YES;
				GCC_WARN_UNUSED_VARIABLE = YES;
				IPHONEOS_DEPLOYMENT_TARGET = 16.0;
				MTL_ENABLE_DEBUG_INFO = INCLUDE_SOURCE;
				MTL_FAST_MATH = YES;
				ONLY_ACTIVE_ARCH = YES;
				SDKROOT = iphoneos;
				SWIFT_ACTIVE_COMPILATION_CONDITIONS = DEBUG;
				SWIFT_OPTIMIZATION_LEVEL = "-Onone";
			};
			name = Debug;
		};
		127ED1852925042300511E9B /* Release */ = {
			isa = XCBuildConfiguration;
			buildSettings = {
				ALWAYS_SEARCH_USER_PATHS = NO;
				CLANG_ANALYZER_NONNULL = YES;
				CLANG_ANALYZER_NUMBER_OBJECT_CONVERSION = YES_AGGRESSIVE;
				CLANG_CXX_LANGUAGE_STANDARD = "gnu++20";
				CLANG_ENABLE_MODULES = YES;
				CLANG_ENABLE_OBJC_ARC = YES;
				CLANG_ENABLE_OBJC_WEAK = YES;
				CLANG_WARN_BLOCK_CAPTURE_AUTORELEASING = YES;
				CLANG_WARN_BOOL_CONVERSION = YES;
				CLANG_WARN_COMMA = YES;
				CLANG_WARN_CONSTANT_CONVERSION = YES;
				CLANG_WARN_DEPRECATED_OBJC_IMPLEMENTATIONS = YES;
				CLANG_WARN_DIRECT_OBJC_ISA_USAGE = YES_ERROR;
				CLANG_WARN_DOCUMENTATION_COMMENTS = YES;
				CLANG_WARN_EMPTY_BODY = YES;
				CLANG_WARN_ENUM_CONVERSION = YES;
				CLANG_WARN_INFINITE_RECURSION = YES;
				CLANG_WARN_INT_CONVERSION = YES;
				CLANG_WARN_NON_LITERAL_NULL_CONVERSION = YES;
				CLANG_WARN_OBJC_IMPLICIT_RETAIN_SELF = YES;
				CLANG_WARN_OBJC_LITERAL_CONVERSION = YES;
				CLANG_WARN_OBJC_ROOT_CLASS = YES_ERROR;
				CLANG_WARN_QUOTED_INCLUDE_IN_FRAMEWORK_HEADER = YES;
				CLANG_WARN_RANGE_LOOP_ANALYSIS = YES;
				CLANG_WARN_STRICT_PROTOTYPES = YES;
				CLANG_WARN_SUSPICIOUS_MOVE = YES;
				CLANG_WARN_UNGUARDED_AVAILABILITY = YES_AGGRESSIVE;
				CLANG_WARN_UNREACHABLE_CODE = YES;
				CLANG_WARN__DUPLICATE_METHOD_MATCH = YES;
				COPY_PHASE_STRIP = NO;
				DEBUG_INFORMATION_FORMAT = "dwarf-with-dsym";
				ENABLE_NS_ASSERTIONS = NO;
				ENABLE_STRICT_OBJC_MSGSEND = YES;
				GCC_C_LANGUAGE_STANDARD = gnu11;
				GCC_NO_COMMON_BLOCKS = YES;
				GCC_WARN_64_TO_32_BIT_CONVERSION = YES;
				GCC_WARN_ABOUT_RETURN_TYPE = YES_ERROR;
				GCC_WARN_UNDECLARED_SELECTOR = YES;
				GCC_WARN_UNINITIALIZED_AUTOS = YES_AGGRESSIVE;
				GCC_WARN_UNUSED_FUNCTION = YES;
				GCC_WARN_UNUSED_VARIABLE = YES;
				IPHONEOS_DEPLOYMENT_TARGET = 16.0;
				MTL_ENABLE_DEBUG_INFO = NO;
				MTL_FAST_MATH = YES;
				SDKROOT = iphoneos;
				SWIFT_COMPILATION_MODE = wholemodule;
				SWIFT_OPTIMIZATION_LEVEL = "-O";
				VALIDATE_PRODUCT = YES;
			};
			name = Release;
		};
		127ED1872925042300511E9B /* Debug */ = {
			isa = XCBuildConfiguration;
			buildSettings = {
				ASSETCATALOG_COMPILER_APPICON_NAME = AppIcon;
				ASSETCATALOG_COMPILER_GLOBAL_ACCENT_COLOR_NAME = AccentColor;
				CODE_SIGN_STYLE = Automatic;
				CURRENT_PROJECT_VERSION = 1;
				DEVELOPMENT_ASSET_PATHS = "\"GlutoR/Preview Content\"";
				DEVELOPMENT_TEAM = T2BSAL5FW2;
				ENABLE_PREVIEWS = YES;
				GENERATE_INFOPLIST_FILE = YES;
				INFOPLIST_KEY_CFBundleDisplayName = Gluto;
				INFOPLIST_KEY_UIApplicationSceneManifest_Generation = YES;
				INFOPLIST_KEY_UIApplicationSupportsIndirectInputEvents = YES;
				INFOPLIST_KEY_UILaunchScreen_Generation = YES;
				INFOPLIST_KEY_UISupportedInterfaceOrientations = UIInterfaceOrientationPortrait;
				INFOPLIST_KEY_UISupportedInterfaceOrientations_iPad = "UIInterfaceOrientationLandscapeLeft UIInterfaceOrientationLandscapeRight UIInterfaceOrientationPortrait UIInterfaceOrientationPortraitUpsideDown";
				LD_RUNPATH_SEARCH_PATHS = (
					"$(inherited)",
					"@executable_path/Frameworks",
				);
				MARKETING_VERSION = 1.0;
				PRODUCT_BUNDLE_IDENTIFIER = EleonoraBallarini.GlutoR;
				PRODUCT_NAME = "$(TARGET_NAME)";
				SUPPORTED_PLATFORMS = "iphoneos iphonesimulator";
				SUPPORTS_MACCATALYST = NO;
				SUPPORTS_MAC_DESIGNED_FOR_IPHONE_IPAD = NO;
				SWIFT_EMIT_LOC_STRINGS = YES;
				SWIFT_VERSION = 5.0;
				TARGETED_DEVICE_FAMILY = 1;
			};
			name = Debug;
		};
		127ED1882925042300511E9B /* Release */ = {
			isa = XCBuildConfiguration;
			buildSettings = {
				ASSETCATALOG_COMPILER_APPICON_NAME = AppIcon;
				ASSETCATALOG_COMPILER_GLOBAL_ACCENT_COLOR_NAME = AccentColor;
				CODE_SIGN_STYLE = Automatic;
				CURRENT_PROJECT_VERSION = 1;
				DEVELOPMENT_ASSET_PATHS = "\"GlutoR/Preview Content\"";
				DEVELOPMENT_TEAM = T2BSAL5FW2;
				ENABLE_PREVIEWS = YES;
				GENERATE_INFOPLIST_FILE = YES;
				INFOPLIST_KEY_CFBundleDisplayName = Gluto;
				INFOPLIST_KEY_UIApplicationSceneManifest_Generation = YES;
				INFOPLIST_KEY_UIApplicationSupportsIndirectInputEvents = YES;
				INFOPLIST_KEY_UILaunchScreen_Generation = YES;
				INFOPLIST_KEY_UISupportedInterfaceOrientations = UIInterfaceOrientationPortrait;
				INFOPLIST_KEY_UISupportedInterfaceOrientations_iPad = "UIInterfaceOrientationLandscapeLeft UIInterfaceOrientationLandscapeRight UIInterfaceOrientationPortrait UIInterfaceOrientationPortraitUpsideDown";
				LD_RUNPATH_SEARCH_PATHS = (
					"$(inherited)",
					"@executable_path/Frameworks",
				);
				MARKETING_VERSION = 1.0;
				PRODUCT_BUNDLE_IDENTIFIER = EleonoraBallarini.GlutoR;
				PRODUCT_NAME = "$(TARGET_NAME)";
				SUPPORTED_PLATFORMS = "iphoneos iphonesimulator";
				SUPPORTS_MACCATALYST = NO;
				SUPPORTS_MAC_DESIGNED_FOR_IPHONE_IPAD = NO;
				SWIFT_EMIT_LOC_STRINGS = YES;
				SWIFT_VERSION = 5.0;
				TARGETED_DEVICE_FAMILY = 1;
			};
			name = Release;
		};
/* End XCBuildConfiguration section */

/* Begin XCConfigurationList section */
		127ED1732925042200511E9B /* Build configuration list for PBXProject "GlutoR" */ = {
			isa = XCConfigurationList;
			buildConfigurations = (
				127ED1842925042300511E9B /* Debug */,
				127ED1852925042300511E9B /* Release */,
			);
			defaultConfigurationIsVisible = 0;
			defaultConfigurationName = Release;
		};
		127ED1862925042300511E9B /* Build configuration list for PBXNativeTarget "GlutoR" */ = {
			isa = XCConfigurationList;
			buildConfigurations = (
				127ED1872925042300511E9B /* Debug */,
				127ED1882925042300511E9B /* Release */,
			);
			defaultConfigurationIsVisible = 0;
			defaultConfigurationName = Release;
		};
/* End XCConfigurationList section */
	};
	rootObject = 127ED1702925042200511E9B /* Project object */;
}
